
Microsoft Visual Studio Solution File, Format Version 12.00
# Visual Studio Version 16
VisualStudioVersion = 16.0.31729.503
MinimumVisualStudioVersion = 10.0.40219.1
Project("{FAE04EC0-301F-11D3-BF4B-00C04F79EFBC}") = "PissEmoji", "piss_emoji\PissEmoji.csproj", "{7636DBFB-FD84-489B-AE2A-5D6B377726BA}"
EndProject
Project("{FAE04EC0-301F-11D3-BF4B-00C04F79EFBC}") = "WingStateSaver", "WingStateSaver\WingStateSaver.csproj", "{87883624-A49F-4937-846C-3E711964942F}"
EndProject
Global
	GlobalSection(SolutionConfigurationPlatforms) = preSolution
		Debug|Any CPU = Debug|Any CPU
		Release|Any CPU = Release|Any CPU
	EndGlobalSection
	GlobalSection(ProjectConfigurationPlatforms) = postSolution
		{7636DBFB-FD84-489B-AE2A-5D6B377726BA}.Debug|Any CPU.ActiveCfg = Debug|Any CPU
		{7636DBFB-FD84-489B-AE2A-5D6B377726BA}.Debug|Any CPU.Build.0 = Debug|Any CPU
		{7636DBFB-FD84-489B-AE2A-5D6B377726BA}.Release|Any CPU.ActiveCfg = Release|Any CPU
		{7636DBFB-FD84-489B-AE2A-5D6B377726BA}.Release|Any CPU.Build.0 = Release|Any CPU
		{87883624-A49F-4937-846C-3E711964942F}.Debug|Any CPU.ActiveCfg = Debug|Any CPU
		{87883624-A49F-4937-846C-3E711964942F}.Debug|Any CPU.Build.0 = Debug|Any CPU
		{87883624-A49F-4937-846C-3E711964942F}.Release|Any CPU.ActiveCfg = Release|Any CPU
		{87883624-A49F-4937-846C-3E711964942F}.Release|Any CPU.Build.0 = Release|Any CPU
	EndGlobalSection
	GlobalSection(SolutionProperties) = preSolution
		HideSolutionNode = FALSE
	EndGlobalSection
	GlobalSection(ExtensibilityGlobals) = postSolution
		SolutionGuid = {CCED3999-51AE-4B9C-A5D4-3C769355CFA7}
	EndGlobalSection
EndGlobal
